
Microsoft Visual Studio Solution File, Format Version 12.00
# Visual Studio Version 17
VisualStudioVersion = 17.13.35919.96
MinimumVisualStudioVersion = 10.0.40219.1
Project("{2150E333-8FDC-42A3-9474-1A3956D46DE8}") = "Solution Items", "Solution Items", "{8EC462FD-D22E-90A8-E5CE-7E832BA40C5D}"
	ProjectSection(SolutionItems) = preProject
		.gitignore = .gitignore
		Framework\BuildNum.xml = Framework\BuildNum.xml
		Framework\Directory.Build.props = Framework\Directory.Build.props
		NuGet.config = NuGet.config
	EndProjectSection
EndProject
Project("{FAE04EC0-301F-11D3-BF4B-00C04F79EFBC}") = "JJ.Framework.Versioning.Core.Tests", "Framework\JJ.Framework.Versioning.Core.Tests\JJ.Framework.Versioning.Core.Tests.csproj", "{42C4FE8D-E848-6FCA-D083-3D3856E51B48}"
EndProject
Global
	GlobalSection(SolutionConfigurationPlatforms) = preSolution
		Debug|Any CPU = Debug|Any CPU
		Release|Any CPU = Release|Any CPU
	EndGlobalSection
	GlobalSection(ProjectConfigurationPlatforms) = postSolution
		{42C4FE8D-E848-6FCA-D083-3D3856E51B48}.Debug|Any CPU.ActiveCfg = Debug|Any CPU
		{42C4FE8D-E848-6FCA-D083-3D3856E51B48}.Debug|Any CPU.Build.0 = Debug|Any CPU
		{42C4FE8D-E848-6FCA-D083-3D3856E51B48}.Release|Any CPU.ActiveCfg = Release|Any CPU
		{42C4FE8D-E848-6FCA-D083-3D3856E51B48}.Release|Any CPU.Build.0 = Release|Any CPU
	EndGlobalSection
	GlobalSection(SolutionProperties) = preSolution
		HideSolutionNode = FALSE
	EndGlobalSection
	GlobalSection(ExtensibilityGlobals) = postSolution
		SolutionGuid = {7620C533-CD82-4C3C-9031-12E1B9D187F9}
	EndGlobalSection
EndGlobal
