
Microsoft Visual Studio Solution File, Format Version 12.00
# Visual Studio 14
VisualStudioVersion = 14.0.25420.1
MinimumVisualStudioVersion = 10.0.40219.1
Project("{FAE04EC0-301F-11D3-BF4B-00C04F79EFBC}") = "JJ.Framework.CodeAnalysis", "Framework\CodeAnalysis\JJ.Framework.CodeAnalysis.csproj", "{A7C6E469-8196-4A35-A13F-545557D601DB}"
EndProject
Project("{FAE04EC0-301F-11D3-BF4B-00C04F79EFBC}") = "JJ.Framework.CodeAnalysis.Vsix", "Framework\CodeAnalysis.Visx\JJ.Framework.CodeAnalysis.Vsix.csproj", "{B01FC573-D952-41D4-A4FB-81B343EB8E1A}"
EndProject
Project("{FAE04EC0-301F-11D3-BF4B-00C04F79EFBC}") = "JJ.Framework.CodeAnalysis.TestCode", "Framework\CodeAnalysis.TestCode\JJ.Framework.CodeAnalysis.TestCode.csproj", "{0AF3635C-D14B-496A-A1BC-40EB3DD5DFDA}"
EndProject
Global
	GlobalSection(SolutionConfigurationPlatforms) = preSolution
		Debug|Any CPU = Debug|Any CPU
		Release|Any CPU = Release|Any CPU
	EndGlobalSection
	GlobalSection(ProjectConfigurationPlatforms) = postSolution
		{A7C6E469-8196-4A35-A13F-545557D601DB}.Debug|Any CPU.ActiveCfg = Debug|Any CPU
		{A7C6E469-8196-4A35-A13F-545557D601DB}.Debug|Any CPU.Build.0 = Debug|Any CPU
		{A7C6E469-8196-4A35-A13F-545557D601DB}.Release|Any CPU.ActiveCfg = Release|Any CPU
		{A7C6E469-8196-4A35-A13F-545557D601DB}.Release|Any CPU.Build.0 = Release|Any CPU
		{B01FC573-D952-41D4-A4FB-81B343EB8E1A}.Debug|Any CPU.ActiveCfg = Debug|Any CPU
		{B01FC573-D952-41D4-A4FB-81B343EB8E1A}.Debug|Any CPU.Build.0 = Debug|Any CPU
		{B01FC573-D952-41D4-A4FB-81B343EB8E1A}.Release|Any CPU.ActiveCfg = Release|Any CPU
		{B01FC573-D952-41D4-A4FB-81B343EB8E1A}.Release|Any CPU.Build.0 = Release|Any CPU
		{0AF3635C-D14B-496A-A1BC-40EB3DD5DFDA}.Debug|Any CPU.ActiveCfg = Debug|Any CPU
		{0AF3635C-D14B-496A-A1BC-40EB3DD5DFDA}.Debug|Any CPU.Build.0 = Debug|Any CPU
		{0AF3635C-D14B-496A-A1BC-40EB3DD5DFDA}.Release|Any CPU.ActiveCfg = Release|Any CPU
		{0AF3635C-D14B-496A-A1BC-40EB3DD5DFDA}.Release|Any CPU.Build.0 = Release|Any CPU
	EndGlobalSection
	GlobalSection(SolutionProperties) = preSolution
		HideSolutionNode = FALSE
	EndGlobalSection
	GlobalSection(TeamFoundationVersionControl) = preSolution
		SccNumberOfProjects = 4
		SccEnterpriseProvider = {4CA58AB2-18FA-4F8D-95D4-32DDF27D184C}
		SccTeamFoundationServer = http://jjs-server:8080/tfs/defaultcollection
		SccProjectUniqueName0 = Framework\\CodeAnalysis\\JJ.Framework.CodeAnalysis.csproj
		SccProjectName0 = Framework/CodeAnalysis
		SccLocalPath0 = Framework\\CodeAnalysis
		SccProjectUniqueName1 = Framework\\CodeAnalysis.Visx\\JJ.Framework.CodeAnalysis.Vsix.csproj
		SccProjectName1 = Framework/CodeAnalysis.Visx
		SccLocalPath1 = Framework\\CodeAnalysis.Visx
		SccProjectUniqueName2 = Framework\\CodeAnalysis.TestCode\\JJ.Framework.CodeAnalysis.TestCode.csproj
		SccProjectName2 = Framework/CodeAnalysis.TestCode
		SccLocalPath2 = Framework\\CodeAnalysis.TestCode
		SccLocalPath3 = .
	EndGlobalSection
EndGlobal
