
Microsoft Visual Studio Solution File, Format Version 12.00
# Visual Studio Version 18
VisualStudioVersion = 18.2.11415.280
MinimumVisualStudioVersion = 10.0.40219.1
Project("{FAE04EC0-301F-11D3-BF4B-00C04F79EFBC}") = "JJ.Framework.Common.Legacy.Package.Tests", "Framework\JJ.Framework.Common.Package.Tests\JJ.Framework.Common.Legacy.Package.Tests.csproj", "{B7F3DA79-FB91-9491-81DD-CF205CE9CA0C}"
EndProject
Project("{FAE04EC0-301F-11D3-BF4B-00C04F79EFBC}") = "JJ.Framework.Common.Core.Package.Tests", "Framework\JJ.Framework.Common.Core.Package.Tests\JJ.Framework.Common.Core.Package.Tests.csproj", "{E1D2C9C1-3A2F-81F8-4776-9FB6F9983FAB}"
EndProject
Project("{2150E333-8FDC-42A3-9474-1A3956D46DE8}") = "Solution Items", "Solution Items", "{8EC462FD-D22E-90A8-E5CE-7E832BA40C5D}"
	ProjectSection(SolutionItems) = preProject
		Framework\Directory.Build.props = Framework\Directory.Build.props
		Directory.Build.targets = Directory.Build.targets
		JJ.Framework.Package.Tests.sln.DotSettings = JJ.Framework.Package.Tests.sln.DotSettings
	EndProjectSection
EndProject
Project("{FAE04EC0-301F-11D3-BF4B-00C04F79EFBC}") = "JJ.Framework.Reflection.Legacy.Package.Tests", "Framework\JJ.Framework.Reflection.Package.Tests\JJ.Framework.Reflection.Legacy.Package.Tests.csproj", "{2F40987D-DD95-159A-F6B1-5C32F4CBF021}"
EndProject
Project("{FAE04EC0-301F-11D3-BF4B-00C04F79EFBC}") = "JJ.Framework.Existence.Core.Package.Tests", "Framework\JJ.Framework.Existence.Core.Package.Tests\JJ.Framework.Existence.Core.Package.Tests.csproj", "{D589D511-228E-937F-4AC8-0009AFCE0BAC}"
EndProject
Project("{D954291E-2A0B-460D-934E-DC6B0785DB48}") = "JJ.Framework.PlatformCompatibility.Core", "Framework\JJ.Framework.PlatformCompatibility.Core\JJ.Framework.PlatformCompatibility.Core.shproj", "{CE2BF11F-D06A-4EA3-9DD6-FDDA12705F83}"
EndProject
Project("{D954291E-2A0B-460D-934E-DC6B0785DB48}") = "JJ.Framework.SharedProject.Core", "Framework\JJ.Framework.SharedProject.Core\JJ.Framework.SharedProject.Core.shproj", "{1BEB8E62-FCB0-4B88-B142-23E720D5BACC}"
EndProject
Project("{FAE04EC0-301F-11D3-BF4B-00C04F79EFBC}") = "JJ.Framework.Build", "Framework\JJ.Framework.Build\JJ.Framework.Build.csproj", "{F8FECB2B-336D-B64F-A0B6-3602918E48A2}"
EndProject
Project("{FAE04EC0-301F-11D3-BF4B-00C04F79EFBC}") = "JJ.Framework.PlatformCompatibility.Legacy.Package.Tests", "Framework\JJ.Framework.PlatformCompatibility.Package.Tests\JJ.Framework.PlatformCompatibility.Legacy.Package.Tests.csproj", "{70B4D771-007B-8549-1264-60818D52BB25}"
EndProject
Project("{FAE04EC0-301F-11D3-BF4B-00C04F79EFBC}") = "JJ.Framework.Existence.Core.SBTextCombo.Package.Tests", "Framework\JJ.Framework.Existence.Core.SBTextCombo.Package.Tests\JJ.Framework.Existence.Core.SBTextCombo.Package.Tests.csproj", "{05CCB395-852D-64E3-F586-B553AF7179AD}"
EndProject
Project("{FAE04EC0-301F-11D3-BF4B-00C04F79EFBC}") = "JJ.Framework.Existence.Core.SBs.Package.Tests", "Framework\JJ.Framework.Existence.Core.SBs.Package.Tests\JJ.Framework.Existence.Core.SBs.Package.Tests.csproj", "{7DCA52BE-7214-EBF8-55E3-FBD84D98D48C}"
EndProject
Project("{FAE04EC0-301F-11D3-BF4B-00C04F79EFBC}") = "JJ.Framework.Existence.Core.Text.Package.Tests", "Framework\JJ.Framework.Existence.Core.Text.Package.Tests\JJ.Framework.Existence.Core.Text.Package.Tests.csproj", "{8621A65B-4E1D-31F5-F341-BB10A06E9628}"
EndProject
Project("{FAE04EC0-301F-11D3-BF4B-00C04F79EFBC}") = "JJ.Framework.Existence.Core.SBToText.Package.Tests", "Framework\JJ.Framework.Existence.Core.SBToText.Package.Tests\JJ.Framework.Existence.Core.SBToText.Package.Tests.csproj", "{82CCE832-CD76-9828-22C2-325CEB12D7AE}"
EndProject
Project("{FAE04EC0-301F-11D3-BF4B-00C04F79EFBC}") = "JJ.Framework.Existence.Core.BoolToText.Package.Tests", "Framework\JJ.Framework.Existence.Core.BoolToText.Package.Tests\JJ.Framework.Existence.Core.BoolToText.Package.Tests.csproj", "{20C98D85-2FA3-5081-8DFA-A9C0FCEFD78B}"
EndProject
Global
	GlobalSection(SolutionConfigurationPlatforms) = preSolution
		Debug|Any CPU = Debug|Any CPU
		Release|Any CPU = Release|Any CPU
	EndGlobalSection
	GlobalSection(ProjectConfigurationPlatforms) = postSolution
		{B7F3DA79-FB91-9491-81DD-CF205CE9CA0C}.Debug|Any CPU.ActiveCfg = Debug|Any CPU
		{B7F3DA79-FB91-9491-81DD-CF205CE9CA0C}.Debug|Any CPU.Build.0 = Debug|Any CPU
		{B7F3DA79-FB91-9491-81DD-CF205CE9CA0C}.Release|Any CPU.ActiveCfg = Release|Any CPU
		{B7F3DA79-FB91-9491-81DD-CF205CE9CA0C}.Release|Any CPU.Build.0 = Release|Any CPU
		{E1D2C9C1-3A2F-81F8-4776-9FB6F9983FAB}.Debug|Any CPU.ActiveCfg = Debug|Any CPU
		{E1D2C9C1-3A2F-81F8-4776-9FB6F9983FAB}.Debug|Any CPU.Build.0 = Debug|Any CPU
		{E1D2C9C1-3A2F-81F8-4776-9FB6F9983FAB}.Release|Any CPU.ActiveCfg = Release|Any CPU
		{E1D2C9C1-3A2F-81F8-4776-9FB6F9983FAB}.Release|Any CPU.Build.0 = Release|Any CPU
		{2F40987D-DD95-159A-F6B1-5C32F4CBF021}.Debug|Any CPU.ActiveCfg = Debug|Any CPU
		{2F40987D-DD95-159A-F6B1-5C32F4CBF021}.Debug|Any CPU.Build.0 = Debug|Any CPU
		{2F40987D-DD95-159A-F6B1-5C32F4CBF021}.Release|Any CPU.ActiveCfg = Release|Any CPU
		{2F40987D-DD95-159A-F6B1-5C32F4CBF021}.Release|Any CPU.Build.0 = Release|Any CPU
		{D589D511-228E-937F-4AC8-0009AFCE0BAC}.Debug|Any CPU.ActiveCfg = Debug|Any CPU
		{D589D511-228E-937F-4AC8-0009AFCE0BAC}.Debug|Any CPU.Build.0 = Debug|Any CPU
		{D589D511-228E-937F-4AC8-0009AFCE0BAC}.Release|Any CPU.ActiveCfg = Release|Any CPU
		{D589D511-228E-937F-4AC8-0009AFCE0BAC}.Release|Any CPU.Build.0 = Release|Any CPU
		{F8FECB2B-336D-B64F-A0B6-3602918E48A2}.Debug|Any CPU.ActiveCfg = Debug|Any CPU
		{F8FECB2B-336D-B64F-A0B6-3602918E48A2}.Debug|Any CPU.Build.0 = Debug|Any CPU
		{F8FECB2B-336D-B64F-A0B6-3602918E48A2}.Release|Any CPU.ActiveCfg = Release|Any CPU
		{F8FECB2B-336D-B64F-A0B6-3602918E48A2}.Release|Any CPU.Build.0 = Release|Any CPU
		{70B4D771-007B-8549-1264-60818D52BB25}.Debug|Any CPU.ActiveCfg = Debug|Any CPU
		{70B4D771-007B-8549-1264-60818D52BB25}.Debug|Any CPU.Build.0 = Debug|Any CPU
		{70B4D771-007B-8549-1264-60818D52BB25}.Release|Any CPU.ActiveCfg = Release|Any CPU
		{70B4D771-007B-8549-1264-60818D52BB25}.Release|Any CPU.Build.0 = Release|Any CPU
		{05CCB395-852D-64E3-F586-B553AF7179AD}.Debug|Any CPU.ActiveCfg = Debug|Any CPU
		{05CCB395-852D-64E3-F586-B553AF7179AD}.Debug|Any CPU.Build.0 = Debug|Any CPU
		{05CCB395-852D-64E3-F586-B553AF7179AD}.Release|Any CPU.ActiveCfg = Release|Any CPU
		{05CCB395-852D-64E3-F586-B553AF7179AD}.Release|Any CPU.Build.0 = Release|Any CPU
		{7DCA52BE-7214-EBF8-55E3-FBD84D98D48C}.Debug|Any CPU.ActiveCfg = Debug|Any CPU
		{7DCA52BE-7214-EBF8-55E3-FBD84D98D48C}.Debug|Any CPU.Build.0 = Debug|Any CPU
		{7DCA52BE-7214-EBF8-55E3-FBD84D98D48C}.Release|Any CPU.ActiveCfg = Release|Any CPU
		{7DCA52BE-7214-EBF8-55E3-FBD84D98D48C}.Release|Any CPU.Build.0 = Release|Any CPU
		{8621A65B-4E1D-31F5-F341-BB10A06E9628}.Debug|Any CPU.ActiveCfg = Debug|Any CPU
		{8621A65B-4E1D-31F5-F341-BB10A06E9628}.Debug|Any CPU.Build.0 = Debug|Any CPU
		{8621A65B-4E1D-31F5-F341-BB10A06E9628}.Release|Any CPU.ActiveCfg = Release|Any CPU
		{8621A65B-4E1D-31F5-F341-BB10A06E9628}.Release|Any CPU.Build.0 = Release|Any CPU
		{82CCE832-CD76-9828-22C2-325CEB12D7AE}.Debug|Any CPU.ActiveCfg = Debug|Any CPU
		{82CCE832-CD76-9828-22C2-325CEB12D7AE}.Debug|Any CPU.Build.0 = Debug|Any CPU
		{82CCE832-CD76-9828-22C2-325CEB12D7AE}.Release|Any CPU.ActiveCfg = Release|Any CPU
		{82CCE832-CD76-9828-22C2-325CEB12D7AE}.Release|Any CPU.Build.0 = Release|Any CPU
		{20C98D85-2FA3-5081-8DFA-A9C0FCEFD78B}.Debug|Any CPU.ActiveCfg = Debug|Any CPU
		{20C98D85-2FA3-5081-8DFA-A9C0FCEFD78B}.Debug|Any CPU.Build.0 = Debug|Any CPU
		{20C98D85-2FA3-5081-8DFA-A9C0FCEFD78B}.Release|Any CPU.ActiveCfg = Release|Any CPU
		{20C98D85-2FA3-5081-8DFA-A9C0FCEFD78B}.Release|Any CPU.Build.0 = Release|Any CPU
	EndGlobalSection
	GlobalSection(SolutionProperties) = preSolution
		HideSolutionNode = FALSE
	EndGlobalSection
	GlobalSection(ExtensibilityGlobals) = postSolution
		SolutionGuid = {8B958E8C-E60A-4645-9565-A8B8F94E2F5A}
	EndGlobalSection
	GlobalSection(SharedMSBuildProjectFiles) = preSolution
		Framework\JJ.Framework.PlatformCompatibility.Core\JJ.Framework.PlatformCompatibility.Core.projitems*{05ccb395-852d-64e3-f586-b553af7179ad}*SharedItemsImports = 5
		Framework\JJ.Framework.SharedProject.Core\JJ.Framework.SharedProject.Core.projitems*{1beb8e62-fcb0-4b88-b142-23e720d5bacc}*SharedItemsImports = 13
		Framework\JJ.Framework.PlatformCompatibility.Core\JJ.Framework.PlatformCompatibility.Core.projitems*{20c98d85-2fa3-5081-8dfa-a9c0fcefd78b}*SharedItemsImports = 5
		Framework\JJ.Framework.PlatformCompatibility.Core\JJ.Framework.PlatformCompatibility.Core.projitems*{2f40987d-dd95-159a-f6b1-5c32f4cbf021}*SharedItemsImports = 5
		Framework\JJ.Framework.SharedProject.Core\JJ.Framework.SharedProject.Core.projitems*{2f40987d-dd95-159a-f6b1-5c32f4cbf021}*SharedItemsImports = 5
		Framework\JJ.Framework.PlatformCompatibility.Core\JJ.Framework.PlatformCompatibility.Core.projitems*{70b4d771-007b-8549-1264-60818d52bb25}*SharedItemsImports = 5
		Framework\JJ.Framework.SharedProject.Core\JJ.Framework.SharedProject.Core.projitems*{70b4d771-007b-8549-1264-60818d52bb25}*SharedItemsImports = 5
		Framework\JJ.Framework.PlatformCompatibility.Core\JJ.Framework.PlatformCompatibility.Core.projitems*{7dca52be-7214-ebf8-55e3-fbd84d98d48c}*SharedItemsImports = 5
		Framework\JJ.Framework.SharedProject.Core\JJ.Framework.SharedProject.Core.projitems*{7dca52be-7214-ebf8-55e3-fbd84d98d48c}*SharedItemsImports = 5
		Framework\JJ.Framework.PlatformCompatibility.Core\JJ.Framework.PlatformCompatibility.Core.projitems*{82cce832-cd76-9828-22c2-325ceb12d7ae}*SharedItemsImports = 5
		Framework\JJ.Framework.PlatformCompatibility.Core\JJ.Framework.PlatformCompatibility.Core.projitems*{8621a65b-4e1d-31f5-f341-bb10a06e9628}*SharedItemsImports = 5
		Framework\JJ.Framework.SharedProject.Core\JJ.Framework.SharedProject.Core.projitems*{8621a65b-4e1d-31f5-f341-bb10a06e9628}*SharedItemsImports = 5
		Framework\JJ.Framework.PlatformCompatibility.Core\JJ.Framework.PlatformCompatibility.Core.projitems*{ce2bf11f-d06a-4ea3-9dd6-fdda12705f83}*SharedItemsImports = 13
		Framework\JJ.Framework.PlatformCompatibility.Core\JJ.Framework.PlatformCompatibility.Core.projitems*{d589d511-228e-937f-4ac8-0009afce0bac}*SharedItemsImports = 5
		Framework\JJ.Framework.PlatformCompatibility.Core\JJ.Framework.PlatformCompatibility.Core.projitems*{e1d2c9c1-3a2f-81f8-4776-9fb6f9983fab}*SharedItemsImports = 5
		Framework\JJ.Framework.SharedProject.Core\JJ.Framework.SharedProject.Core.projitems*{e1d2c9c1-3a2f-81f8-4776-9fb6f9983fab}*SharedItemsImports = 5
	EndGlobalSection
EndGlobal
