<Solution>
  <Folder Name="/Solution Items/">
    <File Path="JJ.Framework.PlatformCompatibility.Core.v3.ncrunchsolution" />
  </Folder>
  <Project Path="Framework/JJ.Framework.Build/JJ.Framework.Build.csproj" />
  <Project Path="Framework/PlatformCompatibility.Core.Package.TestBase/JJ.Framework.PlatformCompatibility.Core.Package.TestBase.csproj" />
  <Project Path="Framework/PlatformCompatibility.Core.Package.Tests/JJ.Framework.PlatformCompatibility.Core.Package.Tests.csproj" />
  <Project Path="Framework/PlatformCompatibility.Core.SharedProject/JJ.Framework.PlatformCompatibility.Core.SharedProject.shproj" Id="e275ca1f-e6b3-4f2e-bff3-c1c24982f009" />
  <Project Path="Framework/PlatformCompatibility.Core.TestBase.Standard/JJ.Framework.PlatformCompatibility.Core.TestBase.Standard.csproj" />
  <Project Path="Framework/PlatformCompatibility.Core.TestBase/JJ.Framework.PlatformCompatibility.Core.TestBase.csproj" />
  <Project Path="Framework/PlatformCompatibility.Core.Tests.Standard/JJ.Framework.PlatformCompatibility.Core.Tests.Standard.csproj" />
  <Project Path="Framework/PlatformCompatibility.Core.Tests/JJ.Framework.PlatformCompatibility.Core.Tests.csproj" />
  <Project Path="Framework/PlatformCompatibility.Core.Trimming.TestApp/JJ.Framework.PlatformCompatibility.Core.Trimming.TestApp.csproj" />
  <Project Path="Framework/PlatformCompatibility.Core/JJ.Framework.PlatformCompatibility.Core.csproj" />
  <Project Path="Framework/JJ.Framework.Collections.Core/JJ.Framework.Collections.Core.csproj" />
  <Project Path="Framework/JJ.Framework.Common.Core/JJ.Framework.Common.Core.csproj" />
  <Project Path="Framework/JJ.Framework.Common/JJ.Framework.Common.Legacy.csproj" />
  <Project Path="Framework/JJ.Framework.Exceptions.Core/JJ.Framework.Exceptions.Core.csproj" />
  <Project Path="Framework/JJ.Framework.Existence.Core/JJ.Framework.Existence.Core.csproj" />
  <Project Path="Framework/JJ.Framework.PlatformCompatibility/JJ.Framework.PlatformCompatibility.Legacy.csproj" />
  <Project Path="Framework/JJ.Framework.Reflection.Core/JJ.Framework.Reflection.Core.csproj" />
  <Project Path="Framework/JJ.Framework.Reflection/JJ.Framework.Reflection.Legacy.csproj" />
  <Project Path="Framework/JJ.Framework.Testing.Core/JJ.Framework.Testing.Core.csproj" />
  <Project Path="Framework/JJ.Framework.Testing/JJ.Framework.Testing.Legacy.csproj" />
  <Project Path="Framework/JJ.Framework.Text.Core/JJ.Framework.Text.Core.csproj" />
  <Project Path="Framework/PlatformCompatibility.Core.Package.TestBase.Standard/JJ.Framework.PlatformCompatibility.Core.Package.TestBase.Standard.csproj" />
  <Project Path="Framework/PlatformCompatibility.Core.Package.Tests.Standard/JJ.Framework.PlatformCompatibility.Core.Package.Tests.Standard.csproj" />
</Solution>
