
Microsoft Visual Studio Solution File, Format Version 12.00
# Visual Studio Version 18
VisualStudioVersion = 18.2.11430.68
MinimumVisualStudioVersion = 10.0.40219.1
Project("{FAE04EC0-301F-11D3-BF4B-00C04F79EFBC}") = "JJ.Framework.Reflection.Legacy", "Framework\JJ.Framework.Reflection\JJ.Framework.Reflection.Legacy.csproj", "{1A8E047C-7893-4918-B415-CE3928E815D8}"
EndProject
Project("{FAE04EC0-301F-11D3-BF4B-00C04F79EFBC}") = "JJ.Framework.Common.Legacy", "Framework\JJ.Framework.Common\JJ.Framework.Common.Legacy.csproj", "{44FD9133-5FE7-4824-BD35-27273706D127}"
EndProject
Project("{FAE04EC0-301F-11D3-BF4B-00C04F79EFBC}") = "JJ.Framework.Testing.Legacy", "Framework\JJ.Framework.Testing\JJ.Framework.Testing.Legacy.csproj", "{369D4E9E-4EFF-4699-83B3-C4951EE0A3C3}"
EndProject
Project("{FAE04EC0-301F-11D3-BF4B-00C04F79EFBC}") = "JJ.Framework.IO.Legacy", "Framework\JJ.Framework.IO\JJ.Framework.IO.Legacy.csproj", "{C600657B-7E29-44B5-83A1-747FAB30D5D0}"
EndProject
Project("{FAE04EC0-301F-11D3-BF4B-00C04F79EFBC}") = "JJ.Framework.Business.Legacy", "Framework\JJ.Framework.Business\JJ.Framework.Business.Legacy.csproj", "{F44D03E8-FEEC-40D4-B866-A87799185B4C}"
EndProject
Project("{FAE04EC0-301F-11D3-BF4B-00C04F79EFBC}") = "JJ.Framework.Collections.Core", "Framework\JJ.Framework.Collections.Core\JJ.Framework.Collections.Core.csproj", "{32C2B71C-0192-4F3D-8F8D-990A5B61C307}"
EndProject
Project("{FAE04EC0-301F-11D3-BF4B-00C04F79EFBC}") = "JJ.Framework.Common.Core", "Framework\JJ.Framework.Common.Core\JJ.Framework.Common.Core.csproj", "{2C4C1957-CD37-454E-85A8-786AD726A0CF}"
EndProject
Project("{FAE04EC0-301F-11D3-BF4B-00C04F79EFBC}") = "JJ.Framework.IO.Core", "Framework\JJ.Framework.IO.Core\JJ.Framework.IO.Core.csproj", "{7F639943-9815-45B9-ADFA-F0EA8B7791DE}"
EndProject
Project("{FAE04EC0-301F-11D3-BF4B-00C04F79EFBC}") = "JJ.Framework.Existence.Core", "Framework\JJ.Framework.Existence.Core\JJ.Framework.Existence.Core.csproj", "{43FC4AB0-7E22-4DDD-9BD9-55A74D19AE67}"
EndProject
Project("{FAE04EC0-301F-11D3-BF4B-00C04F79EFBC}") = "JJ.Framework.Reflection.Core", "Framework\JJ.Framework.Reflection.Core\JJ.Framework.Reflection.Core.csproj", "{6B83C0E7-F039-448A-99AA-1B989EF96273}"
EndProject
Project("{FAE04EC0-301F-11D3-BF4B-00C04F79EFBC}") = "JJ.Framework.Testing.Core", "Framework\JJ.Framework.Testing.Core\JJ.Framework.Testing.Core.csproj", "{639F2304-2AB3-46FA-8DA9-AF1B3F50FC66}"
EndProject
Project("{FAE04EC0-301F-11D3-BF4B-00C04F79EFBC}") = "JJ.Framework.Text.Core", "Framework\JJ.Framework.Text.Core\JJ.Framework.Text.Core.csproj", "{EE2D2EBE-A276-4F3F-8F0D-91B1E09CEA51}"
EndProject
Project("{2150E333-8FDC-42A3-9474-1A3956D46DE8}") = "Solution Items", "Solution Items", "{8EC462FD-D22E-90A8-E5CE-7E832BA40C5D}"
	ProjectSection(SolutionItems) = preProject
		.gitignore = .gitignore
		Framework\BuildNum.xml = Framework\BuildNum.xml
		ClearBin.bat = ClearBin.bat
		ClearCache.bat = ClearCache.bat
		ClearNCrunch.bat = ClearNCrunch.bat
		ClearNuget.bat = ClearNuget.bat
		ClearObj.bat = ClearObj.bat
		ClearReSharper.bat = ClearReSharper.bat
		ClearVs.bat = ClearVs.bat
		CONTRIBUTING.md = CONTRIBUTING.md
		.github\copilot-instructions.md = .github\copilot-instructions.md
		Framework\Directory.Build.props = Framework\Directory.Build.props
		Directory.Build.targets = Directory.Build.targets
		resources\iis-components.png = resources\iis-components.png
		Introduction.txt = Introduction.txt
		JJ.Framework.Trimming.TestApps.sln.DotSettings = JJ.Framework.Trimming.TestApps.sln.DotSettings
		JJ.Framework.Trimming.TestApps.v3.ncrunchsolution = JJ.Framework.Trimming.TestApps.v3.ncrunchsolution
		LICENSE.TXT = LICENSE.TXT
		NuGet.config = NuGet.config
		README.MD = README.MD
		RunTrimTests.bat = RunTrimTests.bat
	EndProjectSection
EndProject
Project("{FAE04EC0-301F-11D3-BF4B-00C04F79EFBC}") = "JJ.Framework.Build", "Framework\JJ.Framework.Build\JJ.Framework.Build.csproj", "{F8FECB2B-336D-B64F-A0B6-3602918E48A2}"
EndProject
Project("{FAE04EC0-301F-11D3-BF4B-00C04F79EFBC}") = "JJ.Framework.PlatformCompatibility.Legacy", "Framework\JJ.Framework.PlatformCompatibility\JJ.Framework.PlatformCompatibility.Legacy.csproj", "{D180E171-03BE-86A4-3F4E-FF3DD95A0797}"
EndProject
Project("{D954291E-2A0B-460D-934E-DC6B0785DB48}") = "JJ.Framework.PlatformCompatibility.Core", "Framework\JJ.Framework.PlatformCompatibility.Core\JJ.Framework.PlatformCompatibility.Core.shproj", "{CE2BF11F-D06A-4EA3-9DD6-FDDA12705F83}"
EndProject
Project("{FAE04EC0-301F-11D3-BF4B-00C04F79EFBC}") = "JJ.Framework.Common.Core.Tests.Helpers", "Framework\JJ.Framework.Common.Core.Tests.Helpers\JJ.Framework.Common.Core.Tests.Helpers.csproj", "{D9959EEA-ED89-C86B-6CEE-8104C16D7C8A}"
EndProject
Project("{D954291E-2A0B-460D-934E-DC6B0785DB48}") = "JJ.Framework.SharedProject.Core", "Framework\JJ.Framework.SharedProject.Core\JJ.Framework.SharedProject.Core.shproj", "{1BEB8E62-FCB0-4B88-B142-23E720D5BACC}"
EndProject
Project("{FAE04EC0-301F-11D3-BF4B-00C04F79EFBC}") = "JJ.Framework.PlatformCompatibility.Legacy.Trimming.TestApp", "Framework\JJ.Framework.PlatformCompatibility.Trimming.TestApp\JJ.Framework.PlatformCompatibility.Legacy.Trimming.TestApp.csproj", "{3FEDC27C-E75B-0EEA-0368-366180A49B67}"
EndProject
Project("{FAE04EC0-301F-11D3-BF4B-00C04F79EFBC}") = "JJ.Framework.Exceptions.Core", "Framework\JJ.Framework.Exceptions.Core\JJ.Framework.Exceptions.Core.csproj", "{FD8FF6AE-32EE-4F85-8659-BA39ECF5BC79}"
EndProject
Project("{FAE04EC0-301F-11D3-BF4B-00C04F79EFBC}") = "JJ.Framework.Business.Core", "Framework\JJ.Framework.Business.Core\JJ.Framework.Business.Core.csproj", "{44C2CAA1-6147-4732-ABEF-6679519D238A}"
EndProject
Project("{FAE04EC0-301F-11D3-BF4B-00C04F79EFBC}") = "JJ.Framework.PlatformCompatibility.Core.Trimming.TestApp", "Framework\JJ.Framework.PlatformCompatibility.Core.Trimming.TestApp\JJ.Framework.PlatformCompatibility.Core.Trimming.TestApp.csproj", "{06497D1F-27D7-4472-ADBA-0F244275E199}"
EndProject
Project("{FAE04EC0-301F-11D3-BF4B-00C04F79EFBC}") = "JJ.Framework.Common.Legacy.Trimming.TestApp", "Framework\JJ.Framework.Common.Trimming.TestApp\JJ.Framework.Common.Legacy.Trimming.TestApp.csproj", "{CE922AD8-BBD3-6C22-1FF3-B2EB7DC4A98E}"
EndProject
Project("{FAE04EC0-301F-11D3-BF4B-00C04F79EFBC}") = "JJ.Framework.Common.Core.Trimming.TestApp", "Framework\JJ.Framework.Common.Core.Trimming.TestApp\JJ.Framework.Common.Core.Trimming.TestApp.csproj", "{7288AA25-14FD-DD09-B42F-D479297374F4}"
EndProject
Project("{FAE04EC0-301F-11D3-BF4B-00C04F79EFBC}") = "JJ.Framework.Reflection.Legacy.Trimming.TestApp", "Framework\JJ.Framework.Reflection.Trimming.TestApp\JJ.Framework.Reflection.Legacy.Trimming.TestApp.csproj", "{9AF1694A-01CE-A1A9-1481-F5DD6CE95817}"
EndProject
Project("{FAE04EC0-301F-11D3-BF4B-00C04F79EFBC}") = "JJ.Framework.Existence.Core.Trimming.TestApp", "Framework\JJ.Framework.Existence.Core.Trimming.TestApp\JJ.Framework.Existence.Core.Trimming.TestApp.csproj", "{CB8E5C78-366F-ED17-1919-969273721F9D}"
EndProject
Project("{FAE04EC0-301F-11D3-BF4B-00C04F79EFBC}") = "JJ.Framework.Existence.Core.Tests.Helpers", "Framework\JJ.Framework.Existence.Core.Tests.Helpers\JJ.Framework.Existence.Core.Tests.Helpers.csproj", "{AD0F31E4-95C5-4ECB-876E-E9E385AF99EC}"
EndProject
Project("{FAE04EC0-301F-11D3-BF4B-00C04F79EFBC}") = "JJ.Framework.Existence.Core.Trimming.TestApp.SBTextCombo", "Framework\JJ.Framework.Existence.Core.Trimming.TestApp.SBTextCombo\JJ.Framework.Existence.Core.Trimming.TestApp.SBTextCombo.csproj", "{97BA5708-4E83-9B7E-8082-EAE0604A8134}"
EndProject
Project("{FAE04EC0-301F-11D3-BF4B-00C04F79EFBC}") = "JJ.Framework.Existence.Core.Trimming.TestApp.SBs", "Framework\JJ.Framework.Existence.Core.Trimming.TestApp.SBs\JJ.Framework.Existence.Core.Trimming.TestApp.SBs.csproj", "{B500B247-8A5F-4AAC-4B31-362ECA9F5B31}"
EndProject
Project("{FAE04EC0-301F-11D3-BF4B-00C04F79EFBC}") = "JJ.Framework.Existence.Core.Trimming.TestApp.Text", "Framework\JJ.Framework.Existence.Core.Trimming.TestApp.Text\JJ.Framework.Existence.Core.Trimming.TestApp.Text.csproj", "{536C8B2D-F071-DE70-0A1C-B9623BCA6AE8}"
EndProject
Project("{FAE04EC0-301F-11D3-BF4B-00C04F79EFBC}") = "JJ.Framework.Existence.Core.Trimming.TestApp.SBToText", "Framework\JJ.Framework.Existence.Core.Trimming.TestApp.SBToText\JJ.Framework.Existence.Core.Trimming.TestApp.SBToText.csproj", "{75F312AD-7481-71D8-67A3-2F610BDCD6F5}"
EndProject
Project("{FAE04EC0-301F-11D3-BF4B-00C04F79EFBC}") = "JJ.Framework.Existence.Core.Trimming.TestApp.BoolToText", "Framework\JJ.Framework.Existence.Core.Trimming.TestApp.BoolToText\JJ.Framework.Existence.Core.Trimming.TestApp.BoolToText.csproj", "{8704EECB-1CB8-A6A8-2E2D-CB5471B22C0F}"
EndProject
Project("{FAE04EC0-301F-11D3-BF4B-00C04F79EFBC}") = "JJ.Framework.Existence.Core.Trimming.TestApp.Bool", "Framework\JJ.Framework.Existence.Core.Trimming.TestApp.Bool\JJ.Framework.Existence.Core.Trimming.TestApp.Bool.csproj", "{85FF000E-E6E2-2593-9096-3B26CD650534}"
EndProject
Project("{FAE04EC0-301F-11D3-BF4B-00C04F79EFBC}") = "JJ.Framework.Existence.Core.Trimming.TestApp.ValuesToText", "Framework\JJ.Framework.Existence.Core.Trimming.TestApp.ValuesToText\JJ.Framework.Existence.Core.Trimming.TestApp.ValuesToText.csproj", "{1DB74E76-FF84-A7C0-EC8B-2ACA26949F68}"
EndProject
Project("{FAE04EC0-301F-11D3-BF4B-00C04F79EFBC}") = "JJ.Framework.Existence.Core.Trimming.TestApp.Values", "Framework\JJ.Framework.Existence.Core.Trimming.TestApp.Values\JJ.Framework.Existence.Core.Trimming.TestApp.Values.csproj", "{6DE53E94-4B8D-628D-0B7F-9ACBADAEDB50}"
EndProject
Project("{FAE04EC0-301F-11D3-BF4B-00C04F79EFBC}") = "JJ.Framework.Existence.Core.Trimming.TestApp.Collections", "Framework\JJ.Framework.Existence.Core.Trimming.TestApp.Collections\JJ.Framework.Existence.Core.Trimming.TestApp.Collections.csproj", "{32ED0141-C9FF-AA4B-6B17-126145F1A1B8}"
EndProject
Project("{FAE04EC0-301F-11D3-BF4B-00C04F79EFBC}") = "JJ.Framework.Business.Legacy.Trimming.TestApp", "Framework\JJ.Framework.Business.Trimming.TestApp\JJ.Framework.Business.Legacy.Trimming.TestApp.csproj", "{59CCC530-5791-7BA2-CEEB-50642CCEC855}"
EndProject
Project("{FAE04EC0-301F-11D3-BF4B-00C04F79EFBC}") = "JJ.Framework.IO.Legacy.Trimming.TestApp", "Framework\JJ.Framework.IO.Legacy.Trimming.TestApp\JJ.Framework.IO.Legacy.Trimming.TestApp.csproj", "{409358C6-FD72-ABD0-F200-275DFBDE5D93}"
EndProject
Project("{FAE04EC0-301F-11D3-BF4B-00C04F79EFBC}") = "JJ.Framework.Reflection.Core.Tests.Helpers", "Framework\JJ.Framework.Reflection.Core.Tests.Helpers\JJ.Framework.Reflection.Core.Tests.Helpers.csproj", "{A740C190-EA9B-492B-4721-B3EBF0FFC70F}"
EndProject
Project("{FAE04EC0-301F-11D3-BF4B-00C04F79EFBC}") = "JJ.Framework.Testing.Core.NCrunchless", "Framework\JJ.Framework.Testing.Core.NCrunchless\JJ.Framework.Testing.Core.NCrunchless.csproj", "{AE7549CA-6111-F3F6-69AB-3A8729E3950E}"
EndProject
Global
	GlobalSection(SolutionConfigurationPlatforms) = preSolution
		Debug|Any CPU = Debug|Any CPU
		Release|Any CPU = Release|Any CPU
	EndGlobalSection
	GlobalSection(ProjectConfigurationPlatforms) = postSolution
		{1A8E047C-7893-4918-B415-CE3928E815D8}.Debug|Any CPU.ActiveCfg = Debug|Any CPU
		{1A8E047C-7893-4918-B415-CE3928E815D8}.Debug|Any CPU.Build.0 = Debug|Any CPU
		{1A8E047C-7893-4918-B415-CE3928E815D8}.Release|Any CPU.ActiveCfg = Release|Any CPU
		{1A8E047C-7893-4918-B415-CE3928E815D8}.Release|Any CPU.Build.0 = Release|Any CPU
		{44FD9133-5FE7-4824-BD35-27273706D127}.Debug|Any CPU.ActiveCfg = Debug|Any CPU
		{44FD9133-5FE7-4824-BD35-27273706D127}.Debug|Any CPU.Build.0 = Debug|Any CPU
		{44FD9133-5FE7-4824-BD35-27273706D127}.Release|Any CPU.ActiveCfg = Release|Any CPU
		{44FD9133-5FE7-4824-BD35-27273706D127}.Release|Any CPU.Build.0 = Release|Any CPU
		{369D4E9E-4EFF-4699-83B3-C4951EE0A3C3}.Debug|Any CPU.ActiveCfg = Debug|Any CPU
		{369D4E9E-4EFF-4699-83B3-C4951EE0A3C3}.Debug|Any CPU.Build.0 = Debug|Any CPU
		{369D4E9E-4EFF-4699-83B3-C4951EE0A3C3}.Release|Any CPU.ActiveCfg = Release|Any CPU
		{369D4E9E-4EFF-4699-83B3-C4951EE0A3C3}.Release|Any CPU.Build.0 = Release|Any CPU
		{C600657B-7E29-44B5-83A1-747FAB30D5D0}.Debug|Any CPU.ActiveCfg = Debug|Any CPU
		{C600657B-7E29-44B5-83A1-747FAB30D5D0}.Debug|Any CPU.Build.0 = Debug|Any CPU
		{C600657B-7E29-44B5-83A1-747FAB30D5D0}.Release|Any CPU.ActiveCfg = Release|Any CPU
		{C600657B-7E29-44B5-83A1-747FAB30D5D0}.Release|Any CPU.Build.0 = Release|Any CPU
		{F44D03E8-FEEC-40D4-B866-A87799185B4C}.Debug|Any CPU.ActiveCfg = Debug|Any CPU
		{F44D03E8-FEEC-40D4-B866-A87799185B4C}.Debug|Any CPU.Build.0 = Debug|Any CPU
		{F44D03E8-FEEC-40D4-B866-A87799185B4C}.Release|Any CPU.ActiveCfg = Release|Any CPU
		{F44D03E8-FEEC-40D4-B866-A87799185B4C}.Release|Any CPU.Build.0 = Release|Any CPU
		{32C2B71C-0192-4F3D-8F8D-990A5B61C307}.Debug|Any CPU.ActiveCfg = Debug|Any CPU
		{32C2B71C-0192-4F3D-8F8D-990A5B61C307}.Debug|Any CPU.Build.0 = Debug|Any CPU
		{32C2B71C-0192-4F3D-8F8D-990A5B61C307}.Release|Any CPU.ActiveCfg = Release|Any CPU
		{32C2B71C-0192-4F3D-8F8D-990A5B61C307}.Release|Any CPU.Build.0 = Release|Any CPU
		{2C4C1957-CD37-454E-85A8-786AD726A0CF}.Debug|Any CPU.ActiveCfg = Debug|Any CPU
		{2C4C1957-CD37-454E-85A8-786AD726A0CF}.Debug|Any CPU.Build.0 = Debug|Any CPU
		{2C4C1957-CD37-454E-85A8-786AD726A0CF}.Release|Any CPU.ActiveCfg = Release|Any CPU
		{2C4C1957-CD37-454E-85A8-786AD726A0CF}.Release|Any CPU.Build.0 = Release|Any CPU
		{7F639943-9815-45B9-ADFA-F0EA8B7791DE}.Debug|Any CPU.ActiveCfg = Debug|Any CPU
		{7F639943-9815-45B9-ADFA-F0EA8B7791DE}.Debug|Any CPU.Build.0 = Debug|Any CPU
		{7F639943-9815-45B9-ADFA-F0EA8B7791DE}.Release|Any CPU.ActiveCfg = Release|Any CPU
		{7F639943-9815-45B9-ADFA-F0EA8B7791DE}.Release|Any CPU.Build.0 = Release|Any CPU
		{43FC4AB0-7E22-4DDD-9BD9-55A74D19AE67}.Debug|Any CPU.ActiveCfg = Debug|Any CPU
		{43FC4AB0-7E22-4DDD-9BD9-55A74D19AE67}.Debug|Any CPU.Build.0 = Debug|Any CPU
		{43FC4AB0-7E22-4DDD-9BD9-55A74D19AE67}.Release|Any CPU.ActiveCfg = Release|Any CPU
		{43FC4AB0-7E22-4DDD-9BD9-55A74D19AE67}.Release|Any CPU.Build.0 = Release|Any CPU
		{6B83C0E7-F039-448A-99AA-1B989EF96273}.Debug|Any CPU.ActiveCfg = Debug|Any CPU
		{6B83C0E7-F039-448A-99AA-1B989EF96273}.Debug|Any CPU.Build.0 = Debug|Any CPU
		{6B83C0E7-F039-448A-99AA-1B989EF96273}.Release|Any CPU.ActiveCfg = Release|Any CPU
		{6B83C0E7-F039-448A-99AA-1B989EF96273}.Release|Any CPU.Build.0 = Release|Any CPU
		{639F2304-2AB3-46FA-8DA9-AF1B3F50FC66}.Debug|Any CPU.ActiveCfg = Debug|Any CPU
		{639F2304-2AB3-46FA-8DA9-AF1B3F50FC66}.Debug|Any CPU.Build.0 = Debug|Any CPU
		{639F2304-2AB3-46FA-8DA9-AF1B3F50FC66}.Release|Any CPU.ActiveCfg = Release|Any CPU
		{639F2304-2AB3-46FA-8DA9-AF1B3F50FC66}.Release|Any CPU.Build.0 = Release|Any CPU
		{EE2D2EBE-A276-4F3F-8F0D-91B1E09CEA51}.Debug|Any CPU.ActiveCfg = Debug|Any CPU
		{EE2D2EBE-A276-4F3F-8F0D-91B1E09CEA51}.Debug|Any CPU.Build.0 = Debug|Any CPU
		{EE2D2EBE-A276-4F3F-8F0D-91B1E09CEA51}.Release|Any CPU.ActiveCfg = Release|Any CPU
		{EE2D2EBE-A276-4F3F-8F0D-91B1E09CEA51}.Release|Any CPU.Build.0 = Release|Any CPU
		{F8FECB2B-336D-B64F-A0B6-3602918E48A2}.Debug|Any CPU.ActiveCfg = Debug|Any CPU
		{F8FECB2B-336D-B64F-A0B6-3602918E48A2}.Debug|Any CPU.Build.0 = Debug|Any CPU
		{F8FECB2B-336D-B64F-A0B6-3602918E48A2}.Release|Any CPU.ActiveCfg = Release|Any CPU
		{F8FECB2B-336D-B64F-A0B6-3602918E48A2}.Release|Any CPU.Build.0 = Release|Any CPU
		{D180E171-03BE-86A4-3F4E-FF3DD95A0797}.Debug|Any CPU.ActiveCfg = Debug|Any CPU
		{D180E171-03BE-86A4-3F4E-FF3DD95A0797}.Debug|Any CPU.Build.0 = Debug|Any CPU
		{D180E171-03BE-86A4-3F4E-FF3DD95A0797}.Release|Any CPU.ActiveCfg = Release|Any CPU
		{D180E171-03BE-86A4-3F4E-FF3DD95A0797}.Release|Any CPU.Build.0 = Release|Any CPU
		{D9959EEA-ED89-C86B-6CEE-8104C16D7C8A}.Debug|Any CPU.ActiveCfg = Debug|Any CPU
		{D9959EEA-ED89-C86B-6CEE-8104C16D7C8A}.Debug|Any CPU.Build.0 = Debug|Any CPU
		{D9959EEA-ED89-C86B-6CEE-8104C16D7C8A}.Release|Any CPU.ActiveCfg = Release|Any CPU
		{D9959EEA-ED89-C86B-6CEE-8104C16D7C8A}.Release|Any CPU.Build.0 = Release|Any CPU
		{3FEDC27C-E75B-0EEA-0368-366180A49B67}.Debug|Any CPU.ActiveCfg = Debug|Any CPU
		{3FEDC27C-E75B-0EEA-0368-366180A49B67}.Debug|Any CPU.Build.0 = Debug|Any CPU
		{3FEDC27C-E75B-0EEA-0368-366180A49B67}.Release|Any CPU.ActiveCfg = Release|Any CPU
		{3FEDC27C-E75B-0EEA-0368-366180A49B67}.Release|Any CPU.Build.0 = Release|Any CPU
		{FD8FF6AE-32EE-4F85-8659-BA39ECF5BC79}.Debug|Any CPU.ActiveCfg = Debug|Any CPU
		{FD8FF6AE-32EE-4F85-8659-BA39ECF5BC79}.Debug|Any CPU.Build.0 = Debug|Any CPU
		{FD8FF6AE-32EE-4F85-8659-BA39ECF5BC79}.Release|Any CPU.ActiveCfg = Release|Any CPU
		{FD8FF6AE-32EE-4F85-8659-BA39ECF5BC79}.Release|Any CPU.Build.0 = Release|Any CPU
		{44C2CAA1-6147-4732-ABEF-6679519D238A}.Debug|Any CPU.ActiveCfg = Debug|Any CPU
		{44C2CAA1-6147-4732-ABEF-6679519D238A}.Debug|Any CPU.Build.0 = Debug|Any CPU
		{44C2CAA1-6147-4732-ABEF-6679519D238A}.Release|Any CPU.ActiveCfg = Release|Any CPU
		{44C2CAA1-6147-4732-ABEF-6679519D238A}.Release|Any CPU.Build.0 = Release|Any CPU
		{06497D1F-27D7-4472-ADBA-0F244275E199}.Debug|Any CPU.ActiveCfg = Debug|Any CPU
		{06497D1F-27D7-4472-ADBA-0F244275E199}.Debug|Any CPU.Build.0 = Debug|Any CPU
		{06497D1F-27D7-4472-ADBA-0F244275E199}.Release|Any CPU.ActiveCfg = Release|Any CPU
		{06497D1F-27D7-4472-ADBA-0F244275E199}.Release|Any CPU.Build.0 = Release|Any CPU
		{CE922AD8-BBD3-6C22-1FF3-B2EB7DC4A98E}.Debug|Any CPU.ActiveCfg = Debug|Any CPU
		{CE922AD8-BBD3-6C22-1FF3-B2EB7DC4A98E}.Debug|Any CPU.Build.0 = Debug|Any CPU
		{CE922AD8-BBD3-6C22-1FF3-B2EB7DC4A98E}.Release|Any CPU.ActiveCfg = Release|Any CPU
		{CE922AD8-BBD3-6C22-1FF3-B2EB7DC4A98E}.Release|Any CPU.Build.0 = Release|Any CPU
		{7288AA25-14FD-DD09-B42F-D479297374F4}.Debug|Any CPU.ActiveCfg = Debug|Any CPU
		{7288AA25-14FD-DD09-B42F-D479297374F4}.Debug|Any CPU.Build.0 = Debug|Any CPU
		{7288AA25-14FD-DD09-B42F-D479297374F4}.Release|Any CPU.ActiveCfg = Release|Any CPU
		{7288AA25-14FD-DD09-B42F-D479297374F4}.Release|Any CPU.Build.0 = Release|Any CPU
		{9AF1694A-01CE-A1A9-1481-F5DD6CE95817}.Debug|Any CPU.ActiveCfg = Debug|Any CPU
		{9AF1694A-01CE-A1A9-1481-F5DD6CE95817}.Debug|Any CPU.Build.0 = Debug|Any CPU
		{9AF1694A-01CE-A1A9-1481-F5DD6CE95817}.Release|Any CPU.ActiveCfg = Release|Any CPU
		{9AF1694A-01CE-A1A9-1481-F5DD6CE95817}.Release|Any CPU.Build.0 = Release|Any CPU
		{CB8E5C78-366F-ED17-1919-969273721F9D}.Debug|Any CPU.ActiveCfg = Debug|Any CPU
		{CB8E5C78-366F-ED17-1919-969273721F9D}.Debug|Any CPU.Build.0 = Debug|Any CPU
		{CB8E5C78-366F-ED17-1919-969273721F9D}.Release|Any CPU.ActiveCfg = Release|Any CPU
		{CB8E5C78-366F-ED17-1919-969273721F9D}.Release|Any CPU.Build.0 = Release|Any CPU
		{AD0F31E4-95C5-4ECB-876E-E9E385AF99EC}.Debug|Any CPU.ActiveCfg = Debug|Any CPU
		{AD0F31E4-95C5-4ECB-876E-E9E385AF99EC}.Debug|Any CPU.Build.0 = Debug|Any CPU
		{AD0F31E4-95C5-4ECB-876E-E9E385AF99EC}.Release|Any CPU.ActiveCfg = Release|Any CPU
		{AD0F31E4-95C5-4ECB-876E-E9E385AF99EC}.Release|Any CPU.Build.0 = Release|Any CPU
		{97BA5708-4E83-9B7E-8082-EAE0604A8134}.Debug|Any CPU.ActiveCfg = Debug|Any CPU
		{97BA5708-4E83-9B7E-8082-EAE0604A8134}.Debug|Any CPU.Build.0 = Debug|Any CPU
		{97BA5708-4E83-9B7E-8082-EAE0604A8134}.Release|Any CPU.ActiveCfg = Release|Any CPU
		{97BA5708-4E83-9B7E-8082-EAE0604A8134}.Release|Any CPU.Build.0 = Release|Any CPU
		{B500B247-8A5F-4AAC-4B31-362ECA9F5B31}.Debug|Any CPU.ActiveCfg = Debug|Any CPU
		{B500B247-8A5F-4AAC-4B31-362ECA9F5B31}.Debug|Any CPU.Build.0 = Debug|Any CPU
		{B500B247-8A5F-4AAC-4B31-362ECA9F5B31}.Release|Any CPU.ActiveCfg = Release|Any CPU
		{B500B247-8A5F-4AAC-4B31-362ECA9F5B31}.Release|Any CPU.Build.0 = Release|Any CPU
		{536C8B2D-F071-DE70-0A1C-B9623BCA6AE8}.Debug|Any CPU.ActiveCfg = Debug|Any CPU
		{536C8B2D-F071-DE70-0A1C-B9623BCA6AE8}.Debug|Any CPU.Build.0 = Debug|Any CPU
		{536C8B2D-F071-DE70-0A1C-B9623BCA6AE8}.Release|Any CPU.ActiveCfg = Release|Any CPU
		{536C8B2D-F071-DE70-0A1C-B9623BCA6AE8}.Release|Any CPU.Build.0 = Release|Any CPU
		{75F312AD-7481-71D8-67A3-2F610BDCD6F5}.Debug|Any CPU.ActiveCfg = Debug|Any CPU
		{75F312AD-7481-71D8-67A3-2F610BDCD6F5}.Debug|Any CPU.Build.0 = Debug|Any CPU
		{75F312AD-7481-71D8-67A3-2F610BDCD6F5}.Release|Any CPU.ActiveCfg = Release|Any CPU
		{75F312AD-7481-71D8-67A3-2F610BDCD6F5}.Release|Any CPU.Build.0 = Release|Any CPU
		{8704EECB-1CB8-A6A8-2E2D-CB5471B22C0F}.Debug|Any CPU.ActiveCfg = Debug|Any CPU
		{8704EECB-1CB8-A6A8-2E2D-CB5471B22C0F}.Debug|Any CPU.Build.0 = Debug|Any CPU
		{8704EECB-1CB8-A6A8-2E2D-CB5471B22C0F}.Release|Any CPU.ActiveCfg = Release|Any CPU
		{8704EECB-1CB8-A6A8-2E2D-CB5471B22C0F}.Release|Any CPU.Build.0 = Release|Any CPU
		{85FF000E-E6E2-2593-9096-3B26CD650534}.Debug|Any CPU.ActiveCfg = Debug|Any CPU
		{85FF000E-E6E2-2593-9096-3B26CD650534}.Debug|Any CPU.Build.0 = Debug|Any CPU
		{85FF000E-E6E2-2593-9096-3B26CD650534}.Release|Any CPU.ActiveCfg = Release|Any CPU
		{85FF000E-E6E2-2593-9096-3B26CD650534}.Release|Any CPU.Build.0 = Release|Any CPU
		{1DB74E76-FF84-A7C0-EC8B-2ACA26949F68}.Debug|Any CPU.ActiveCfg = Debug|Any CPU
		{1DB74E76-FF84-A7C0-EC8B-2ACA26949F68}.Debug|Any CPU.Build.0 = Debug|Any CPU
		{1DB74E76-FF84-A7C0-EC8B-2ACA26949F68}.Release|Any CPU.ActiveCfg = Release|Any CPU
		{1DB74E76-FF84-A7C0-EC8B-2ACA26949F68}.Release|Any CPU.Build.0 = Release|Any CPU
		{6DE53E94-4B8D-628D-0B7F-9ACBADAEDB50}.Debug|Any CPU.ActiveCfg = Debug|Any CPU
		{6DE53E94-4B8D-628D-0B7F-9ACBADAEDB50}.Debug|Any CPU.Build.0 = Debug|Any CPU
		{6DE53E94-4B8D-628D-0B7F-9ACBADAEDB50}.Release|Any CPU.ActiveCfg = Release|Any CPU
		{6DE53E94-4B8D-628D-0B7F-9ACBADAEDB50}.Release|Any CPU.Build.0 = Release|Any CPU
		{32ED0141-C9FF-AA4B-6B17-126145F1A1B8}.Debug|Any CPU.ActiveCfg = Debug|Any CPU
		{32ED0141-C9FF-AA4B-6B17-126145F1A1B8}.Debug|Any CPU.Build.0 = Debug|Any CPU
		{32ED0141-C9FF-AA4B-6B17-126145F1A1B8}.Release|Any CPU.ActiveCfg = Release|Any CPU
		{32ED0141-C9FF-AA4B-6B17-126145F1A1B8}.Release|Any CPU.Build.0 = Release|Any CPU
		{59CCC530-5791-7BA2-CEEB-50642CCEC855}.Debug|Any CPU.ActiveCfg = Debug|Any CPU
		{59CCC530-5791-7BA2-CEEB-50642CCEC855}.Debug|Any CPU.Build.0 = Debug|Any CPU
		{59CCC530-5791-7BA2-CEEB-50642CCEC855}.Release|Any CPU.ActiveCfg = Release|Any CPU
		{59CCC530-5791-7BA2-CEEB-50642CCEC855}.Release|Any CPU.Build.0 = Release|Any CPU
		{409358C6-FD72-ABD0-F200-275DFBDE5D93}.Debug|Any CPU.ActiveCfg = Debug|Any CPU
		{409358C6-FD72-ABD0-F200-275DFBDE5D93}.Debug|Any CPU.Build.0 = Debug|Any CPU
		{409358C6-FD72-ABD0-F200-275DFBDE5D93}.Release|Any CPU.ActiveCfg = Release|Any CPU
		{409358C6-FD72-ABD0-F200-275DFBDE5D93}.Release|Any CPU.Build.0 = Release|Any CPU
		{A740C190-EA9B-492B-4721-B3EBF0FFC70F}.Debug|Any CPU.ActiveCfg = Debug|Any CPU
		{A740C190-EA9B-492B-4721-B3EBF0FFC70F}.Debug|Any CPU.Build.0 = Debug|Any CPU
		{A740C190-EA9B-492B-4721-B3EBF0FFC70F}.Release|Any CPU.ActiveCfg = Release|Any CPU
		{A740C190-EA9B-492B-4721-B3EBF0FFC70F}.Release|Any CPU.Build.0 = Release|Any CPU
		{AE7549CA-6111-F3F6-69AB-3A8729E3950E}.Debug|Any CPU.ActiveCfg = Debug|Any CPU
		{AE7549CA-6111-F3F6-69AB-3A8729E3950E}.Debug|Any CPU.Build.0 = Debug|Any CPU
		{AE7549CA-6111-F3F6-69AB-3A8729E3950E}.Release|Any CPU.ActiveCfg = Release|Any CPU
		{AE7549CA-6111-F3F6-69AB-3A8729E3950E}.Release|Any CPU.Build.0 = Release|Any CPU
	EndGlobalSection
	GlobalSection(SolutionProperties) = preSolution
		HideSolutionNode = FALSE
	EndGlobalSection
	GlobalSection(ExtensibilityGlobals) = postSolution
		SolutionGuid = {A3255BAD-6046-491F-A222-798856BD5F68}
	EndGlobalSection
	GlobalSection(SharedMSBuildProjectFiles) = preSolution
		Framework\JJ.Framework.PlatformCompatibility.Core\JJ.Framework.PlatformCompatibility.Core.projitems*{06497d1f-27d7-4472-adba-0f244275e199}*SharedItemsImports = 5
		Framework\JJ.Framework.SharedProject.Core\JJ.Framework.SharedProject.Core.projitems*{06497d1f-27d7-4472-adba-0f244275e199}*SharedItemsImports = 5
		Framework\JJ.Framework.PlatformCompatibility.Core\JJ.Framework.PlatformCompatibility.Core.projitems*{1a8e047c-7893-4918-b415-ce3928e815d8}*SharedItemsImports = 5
		Framework\JJ.Framework.SharedProject.Core\JJ.Framework.SharedProject.Core.projitems*{1a8e047c-7893-4918-b415-ce3928e815d8}*SharedItemsImports = 5
		Framework\JJ.Framework.SharedProject.Core\JJ.Framework.SharedProject.Core.projitems*{1beb8e62-fcb0-4b88-b142-23e720d5bacc}*SharedItemsImports = 13
		Framework\JJ.Framework.PlatformCompatibility.Core\JJ.Framework.PlatformCompatibility.Core.projitems*{1db74e76-ff84-a7c0-ec8b-2aca26949f68}*SharedItemsImports = 5
		Framework\JJ.Framework.SharedProject.Core\JJ.Framework.SharedProject.Core.projitems*{1db74e76-ff84-a7c0-ec8b-2aca26949f68}*SharedItemsImports = 5
		Framework\JJ.Framework.PlatformCompatibility.Core\JJ.Framework.PlatformCompatibility.Core.projitems*{2c4c1957-cd37-454e-85a8-786ad726a0cf}*SharedItemsImports = 5
		Framework\JJ.Framework.SharedProject.Core\JJ.Framework.SharedProject.Core.projitems*{2c4c1957-cd37-454e-85a8-786ad726a0cf}*SharedItemsImports = 5
		Framework\JJ.Framework.PlatformCompatibility.Core\JJ.Framework.PlatformCompatibility.Core.projitems*{32c2b71c-0192-4f3d-8f8d-990a5b61c307}*SharedItemsImports = 5
		Framework\JJ.Framework.SharedProject.Core\JJ.Framework.SharedProject.Core.projitems*{32c2b71c-0192-4f3d-8f8d-990a5b61c307}*SharedItemsImports = 5
		Framework\JJ.Framework.PlatformCompatibility.Core\JJ.Framework.PlatformCompatibility.Core.projitems*{32ed0141-c9ff-aa4b-6b17-126145f1a1b8}*SharedItemsImports = 5
		Framework\JJ.Framework.SharedProject.Core\JJ.Framework.SharedProject.Core.projitems*{32ed0141-c9ff-aa4b-6b17-126145f1a1b8}*SharedItemsImports = 5
		Framework\JJ.Framework.PlatformCompatibility.Core\JJ.Framework.PlatformCompatibility.Core.projitems*{369d4e9e-4eff-4699-83b3-c4951ee0a3c3}*SharedItemsImports = 5
		Framework\JJ.Framework.SharedProject.Core\JJ.Framework.SharedProject.Core.projitems*{369d4e9e-4eff-4699-83b3-c4951ee0a3c3}*SharedItemsImports = 5
		Framework\JJ.Framework.PlatformCompatibility.Core\JJ.Framework.PlatformCompatibility.Core.projitems*{3fedc27c-e75b-0eea-0368-366180a49b67}*SharedItemsImports = 5
		Framework\JJ.Framework.SharedProject.Core\JJ.Framework.SharedProject.Core.projitems*{3fedc27c-e75b-0eea-0368-366180a49b67}*SharedItemsImports = 5
		Framework\JJ.Framework.PlatformCompatibility.Core\JJ.Framework.PlatformCompatibility.Core.projitems*{409358c6-fd72-abd0-f200-275dfbde5d93}*SharedItemsImports = 5
		Framework\JJ.Framework.SharedProject.Core\JJ.Framework.SharedProject.Core.projitems*{409358c6-fd72-abd0-f200-275dfbde5d93}*SharedItemsImports = 5
		Framework\JJ.Framework.PlatformCompatibility.Core\JJ.Framework.PlatformCompatibility.Core.projitems*{43fc4ab0-7e22-4ddd-9bd9-55a74d19ae67}*SharedItemsImports = 5
		Framework\JJ.Framework.SharedProject.Core\JJ.Framework.SharedProject.Core.projitems*{43fc4ab0-7e22-4ddd-9bd9-55a74d19ae67}*SharedItemsImports = 5
		Framework\JJ.Framework.PlatformCompatibility.Core\JJ.Framework.PlatformCompatibility.Core.projitems*{44c2caa1-6147-4732-abef-6679519d238a}*SharedItemsImports = 5
		Framework\JJ.Framework.PlatformCompatibility.Core\JJ.Framework.PlatformCompatibility.Core.projitems*{536c8b2d-f071-de70-0a1c-b9623bca6ae8}*SharedItemsImports = 5
		Framework\JJ.Framework.SharedProject.Core\JJ.Framework.SharedProject.Core.projitems*{536c8b2d-f071-de70-0a1c-b9623bca6ae8}*SharedItemsImports = 5
		Framework\JJ.Framework.PlatformCompatibility.Core\JJ.Framework.PlatformCompatibility.Core.projitems*{59ccc530-5791-7ba2-ceeb-50642ccec855}*SharedItemsImports = 5
		Framework\JJ.Framework.SharedProject.Core\JJ.Framework.SharedProject.Core.projitems*{59ccc530-5791-7ba2-ceeb-50642ccec855}*SharedItemsImports = 5
		Framework\JJ.Framework.PlatformCompatibility.Core\JJ.Framework.PlatformCompatibility.Core.projitems*{639f2304-2ab3-46fa-8da9-af1b3f50fc66}*SharedItemsImports = 5
		Framework\JJ.Framework.SharedProject.Core\JJ.Framework.SharedProject.Core.projitems*{639f2304-2ab3-46fa-8da9-af1b3f50fc66}*SharedItemsImports = 5
		Framework\JJ.Framework.PlatformCompatibility.Core\JJ.Framework.PlatformCompatibility.Core.projitems*{6b83c0e7-f039-448a-99aa-1b989ef96273}*SharedItemsImports = 5
		Framework\JJ.Framework.SharedProject.Core\JJ.Framework.SharedProject.Core.projitems*{6b83c0e7-f039-448a-99aa-1b989ef96273}*SharedItemsImports = 5
		Framework\JJ.Framework.PlatformCompatibility.Core\JJ.Framework.PlatformCompatibility.Core.projitems*{6de53e94-4b8d-628d-0b7f-9acbadaedb50}*SharedItemsImports = 5
		Framework\JJ.Framework.SharedProject.Core\JJ.Framework.SharedProject.Core.projitems*{6de53e94-4b8d-628d-0b7f-9acbadaedb50}*SharedItemsImports = 5
		Framework\JJ.Framework.PlatformCompatibility.Core\JJ.Framework.PlatformCompatibility.Core.projitems*{7288aa25-14fd-dd09-b42f-d479297374f4}*SharedItemsImports = 5
		Framework\JJ.Framework.SharedProject.Core\JJ.Framework.SharedProject.Core.projitems*{7288aa25-14fd-dd09-b42f-d479297374f4}*SharedItemsImports = 5
		Framework\JJ.Framework.PlatformCompatibility.Core\JJ.Framework.PlatformCompatibility.Core.projitems*{75f312ad-7481-71d8-67a3-2f610bdcd6f5}*SharedItemsImports = 5
		Framework\JJ.Framework.SharedProject.Core\JJ.Framework.SharedProject.Core.projitems*{75f312ad-7481-71d8-67a3-2f610bdcd6f5}*SharedItemsImports = 5
		Framework\JJ.Framework.PlatformCompatibility.Core\JJ.Framework.PlatformCompatibility.Core.projitems*{85ff000e-e6e2-2593-9096-3b26cd650534}*SharedItemsImports = 5
		Framework\JJ.Framework.SharedProject.Core\JJ.Framework.SharedProject.Core.projitems*{85ff000e-e6e2-2593-9096-3b26cd650534}*SharedItemsImports = 5
		Framework\JJ.Framework.PlatformCompatibility.Core\JJ.Framework.PlatformCompatibility.Core.projitems*{8704eecb-1cb8-a6a8-2e2d-cb5471b22c0f}*SharedItemsImports = 5
		Framework\JJ.Framework.SharedProject.Core\JJ.Framework.SharedProject.Core.projitems*{8704eecb-1cb8-a6a8-2e2d-cb5471b22c0f}*SharedItemsImports = 5
		Framework\JJ.Framework.PlatformCompatibility.Core\JJ.Framework.PlatformCompatibility.Core.projitems*{97ba5708-4e83-9b7e-8082-eae0604a8134}*SharedItemsImports = 5
		Framework\JJ.Framework.SharedProject.Core\JJ.Framework.SharedProject.Core.projitems*{97ba5708-4e83-9b7e-8082-eae0604a8134}*SharedItemsImports = 5
		Framework\JJ.Framework.PlatformCompatibility.Core\JJ.Framework.PlatformCompatibility.Core.projitems*{9af1694a-01ce-a1a9-1481-f5dd6ce95817}*SharedItemsImports = 5
		Framework\JJ.Framework.SharedProject.Core\JJ.Framework.SharedProject.Core.projitems*{9af1694a-01ce-a1a9-1481-f5dd6ce95817}*SharedItemsImports = 5
		Framework\JJ.Framework.PlatformCompatibility.Core\JJ.Framework.PlatformCompatibility.Core.projitems*{b500b247-8a5f-4aac-4b31-362eca9f5b31}*SharedItemsImports = 5
		Framework\JJ.Framework.SharedProject.Core\JJ.Framework.SharedProject.Core.projitems*{b500b247-8a5f-4aac-4b31-362eca9f5b31}*SharedItemsImports = 5
		Framework\JJ.Framework.PlatformCompatibility.Core\JJ.Framework.PlatformCompatibility.Core.projitems*{c600657b-7e29-44b5-83a1-747fab30d5d0}*SharedItemsImports = 5
		Framework\JJ.Framework.SharedProject.Core\JJ.Framework.SharedProject.Core.projitems*{c600657b-7e29-44b5-83a1-747fab30d5d0}*SharedItemsImports = 5
		Framework\JJ.Framework.PlatformCompatibility.Core\JJ.Framework.PlatformCompatibility.Core.projitems*{cb8e5c78-366f-ed17-1919-969273721f9d}*SharedItemsImports = 5
		Framework\JJ.Framework.SharedProject.Core\JJ.Framework.SharedProject.Core.projitems*{cb8e5c78-366f-ed17-1919-969273721f9d}*SharedItemsImports = 5
		Framework\JJ.Framework.PlatformCompatibility.Core\JJ.Framework.PlatformCompatibility.Core.projitems*{ce2bf11f-d06a-4ea3-9dd6-fdda12705f83}*SharedItemsImports = 13
		Framework\JJ.Framework.PlatformCompatibility.Core\JJ.Framework.PlatformCompatibility.Core.projitems*{d180e171-03be-86a4-3f4e-ff3dd95a0797}*SharedItemsImports = 5
		Framework\JJ.Framework.SharedProject.Core\JJ.Framework.SharedProject.Core.projitems*{d180e171-03be-86a4-3f4e-ff3dd95a0797}*SharedItemsImports = 5
		Framework\JJ.Framework.PlatformCompatibility.Core\JJ.Framework.PlatformCompatibility.Core.projitems*{f44d03e8-feec-40d4-b866-a87799185b4c}*SharedItemsImports = 5
		Framework\JJ.Framework.SharedProject.Core\JJ.Framework.SharedProject.Core.projitems*{f44d03e8-feec-40d4-b866-a87799185b4c}*SharedItemsImports = 5
		Framework\JJ.Framework.PlatformCompatibility.Core\JJ.Framework.PlatformCompatibility.Core.projitems*{fd8ff6ae-32ee-4f85-8659-ba39ecf5bc79}*SharedItemsImports = 5
		Framework\JJ.Framework.SharedProject.Core\JJ.Framework.SharedProject.Core.projitems*{fd8ff6ae-32ee-4f85-8659-ba39ecf5bc79}*SharedItemsImports = 5
	EndGlobalSection
EndGlobal
